
Microsoft Visual Studio Solution File, Format Version 12.00
# Visual Studio Version 17
VisualStudioVersion = 17.14.36408.4 d17.14
MinimumVisualStudioVersion = 10.0.40219.1
Project("{8BC9CEB8-8B4A-11D0-8D11-00A0C91BC942}") = "Bridge32", "Bridge32\Bridge32.vcxproj", "{03E40BAB-580E-31CE-8A7A-692C1E2B2713}"
	ProjectSection(ProjectDependencies) = postProject
		{210FED25-7D7B-3E64-8BFB-8434E751CAAC} = {210FED25-7D7B-3E64-8BFB-8434E751CAAC}
	EndProjectSection
EndProject
Project("{8BC9CEB8-8B4A-11D0-8D11-00A0C91BC942}") = "Bridge64", "Bridge64\Bridge64.vcxproj", "{9DA1D5F2-486E-38A4-9E75-CB638BE96FD7}"
EndProject
Project("{8BC9CEB8-8B4A-11D0-8D11-00A0C91BC942}") = "Calculator32", "Calculator32\Calculator32.vcxproj", "{210FED25-7D7B-3E64-8BFB-8434E751CAAC}"
EndProject
Project("{8BC9CEB8-8B4A-11D0-8D11-00A0C91BC942}") = "TestApp64", "TestApp64\TestApp64.vcxproj", "{C18C064E-3C87-3C3C-BBC5-6AC7BDBFE39A}"
	ProjectSection(ProjectDependencies) = postProject
		{9DA1D5F2-486E-38A4-9E75-CB638BE96FD7} = {9DA1D5F2-486E-38A4-9E75-CB638BE96FD7}
	EndProjectSection
EndProject
Global
	GlobalSection(SolutionConfigurationPlatforms) = preSolution
		Debug|x64 = Debug|x64
		MinSizeRel|x64 = MinSizeRel|x64
		Release|x64 = Release|x64
		RelWithDebInfo|x64 = RelWithDebInfo|x64
	EndGlobalSection
	GlobalSection(ProjectConfigurationPlatforms) = postSolution
		{03E40BAB-580E-31CE-8A7A-692C1E2B2713}.Debug|x64.ActiveCfg = Debug|x64
		{03E40BAB-580E-31CE-8A7A-692C1E2B2713}.Debug|x64.Build.0 = Debug|x64
		{03E40BAB-580E-31CE-8A7A-692C1E2B2713}.MinSizeRel|x64.ActiveCfg = MinSizeRel|x64
		{03E40BAB-580E-31CE-8A7A-692C1E2B2713}.MinSizeRel|x64.Build.0 = MinSizeRel|x64
		{03E40BAB-580E-31CE-8A7A-692C1E2B2713}.Release|x64.ActiveCfg = Release|x64
		{03E40BAB-580E-31CE-8A7A-692C1E2B2713}.Release|x64.Build.0 = Release|x64
		{03E40BAB-580E-31CE-8A7A-692C1E2B2713}.RelWithDebInfo|x64.ActiveCfg = RelWithDebInfo|x64
		{03E40BAB-580E-31CE-8A7A-692C1E2B2713}.RelWithDebInfo|x64.Build.0 = RelWithDebInfo|x64
		{9DA1D5F2-486E-38A4-9E75-CB638BE96FD7}.Debug|x64.ActiveCfg = Debug|x64
		{9DA1D5F2-486E-38A4-9E75-CB638BE96FD7}.Debug|x64.Build.0 = Debug|x64
		{9DA1D5F2-486E-38A4-9E75-CB638BE96FD7}.MinSizeRel|x64.ActiveCfg = MinSizeRel|x64
		{9DA1D5F2-486E-38A4-9E75-CB638BE96FD7}.MinSizeRel|x64.Build.0 = MinSizeRel|x64
		{9DA1D5F2-486E-38A4-9E75-CB638BE96FD7}.Release|x64.ActiveCfg = Release|x64
		{9DA1D5F2-486E-38A4-9E75-CB638BE96FD7}.Release|x64.Build.0 = Release|x64
		{9DA1D5F2-486E-38A4-9E75-CB638BE96FD7}.RelWithDebInfo|x64.ActiveCfg = RelWithDebInfo|x64
		{9DA1D5F2-486E-38A4-9E75-CB638BE96FD7}.RelWithDebInfo|x64.Build.0 = RelWithDebInfo|x64
		{210FED25-7D7B-3E64-8BFB-8434E751CAAC}.Debug|x64.ActiveCfg = Debug|x64
		{210FED25-7D7B-3E64-8BFB-8434E751CAAC}.Debug|x64.Build.0 = Debug|x64
		{210FED25-7D7B-3E64-8BFB-8434E751CAAC}.MinSizeRel|x64.ActiveCfg = MinSizeRel|x64
		{210FED25-7D7B-3E64-8BFB-8434E751CAAC}.MinSizeRel|x64.Build.0 = MinSizeRel|x64
		{210FED25-7D7B-3E64-8BFB-8434E751CAAC}.Release|x64.ActiveCfg = Release|x64
		{210FED25-7D7B-3E64-8BFB-8434E751CAAC}.Release|x64.Build.0 = Release|x64
		{210FED25-7D7B-3E64-8BFB-8434E751CAAC}.RelWithDebInfo|x64.ActiveCfg = RelWithDebInfo|x64
		{210FED25-7D7B-3E64-8BFB-8434E751CAAC}.RelWithDebInfo|x64.Build.0 = RelWithDebInfo|x64
		{C18C064E-3C87-3C3C-BBC5-6AC7BDBFE39A}.Debug|x64.ActiveCfg = Debug|x64
		{C18C064E-3C87-3C3C-BBC5-6AC7BDBFE39A}.Debug|x64.Build.0 = Debug|x64
		{C18C064E-3C87-3C3C-BBC5-6AC7BDBFE39A}.MinSizeRel|x64.ActiveCfg = MinSizeRel|x64
		{C18C064E-3C87-3C3C-BBC5-6AC7BDBFE39A}.MinSizeRel|x64.Build.0 = MinSizeRel|x64
		{C18C064E-3C87-3C3C-BBC5-6AC7BDBFE39A}.Release|x64.ActiveCfg = Release|x64
		{C18C064E-3C87-3C3C-BBC5-6AC7BDBFE39A}.Release|x64.Build.0 = Release|x64
		{C18C064E-3C87-3C3C-BBC5-6AC7BDBFE39A}.RelWithDebInfo|x64.ActiveCfg = RelWithDebInfo|x64
		{C18C064E-3C87-3C3C-BBC5-6AC7BDBFE39A}.RelWithDebInfo|x64.Build.0 = RelWithDebInfo|x64
	EndGlobalSection
	GlobalSection(SolutionProperties) = preSolution
		HideSolutionNode = FALSE
	EndGlobalSection
	GlobalSection(ExtensibilityGlobals) = postSolution
		SolutionGuid = {2FA59B19-F5B7-3779-AB45-B3B7201F6797}
	EndGlobalSection
EndGlobal
