<?xml version="1.0" encoding="utf-8"?>
<Project ToolsVersion="17.0" xmlns="http://schemas.microsoft.com/developer/msbuild/2003">
  <ItemGroup>
    <ClCompile Include="IPCClient.cpp" />
    <ClCompile Include="Bridge64.cpp" />
  </ItemGroup>
  <ItemGroup>
    <ClInclude Include="IPCClient.h" />
    <ClInclude Include="..\Common\IPCProtocol.h">
      <Filter>Common</Filter>
    </ClInclude>
  </ItemGroup>
  <ItemGroup>
    <Filter Include="Common">
      <UniqueIdentifier>{5eb3cb15-75fc-4bce-af8f-e2761bae6dc4}</UniqueIdentifier>
    </Filter>
  </ItemGroup>
</Project>